
Microsoft Visual Studio Solution File, Format Version 12.00
# Visual Studio Version 17
VisualStudioVersion = 17.11.35327.3
MinimumVisualStudioVersion = 10.0.40219.1
Project("{FAE04EC0-301F-11D3-BF4B-00C04F79EFBC}") = "SerilogWithSeqAPI", "SerilogWithSeqAPI\SerilogWithSeqAPI.csproj", "{4929F67C-AE06-47FB-A1A9-4379578F8E09}"
EndProject
Global
	GlobalSection(SolutionConfigurationPlatforms) = preSolution
		Debug|Any CPU = Debug|Any CPU
		Release|Any CPU = Release|Any CPU
	EndGlobalSection
	GlobalSection(ProjectConfigurationPlatforms) = postSolution
		{4929F67C-AE06-47FB-A1A9-4379578F8E09}.Debug|Any CPU.ActiveCfg = Debug|Any CPU
		{4929F67C-AE06-47FB-A1A9-4379578F8E09}.Debug|Any CPU.Build.0 = Debug|Any CPU
		{4929F67C-AE06-47FB-A1A9-4379578F8E09}.Release|Any CPU.ActiveCfg = Release|Any CPU
		{4929F67C-AE06-47FB-A1A9-4379578F8E09}.Release|Any CPU.Build.0 = Release|Any CPU
	EndGlobalSection
	GlobalSection(SolutionProperties) = preSolution
		HideSolutionNode = FALSE
	EndGlobalSection
	GlobalSection(ExtensibilityGlobals) = postSolution
		SolutionGuid = {4D4794DA-4E76-44F9-8385-7666C5028B89}
	EndGlobalSection
EndGlobal
