
Microsoft Visual Studio Solution File, Format Version 12.00
# Visual Studio Version 17
VisualStudioVersion = 17.11.35327.3
MinimumVisualStudioVersion = 10.0.40219.1
Project("{FAE04EC0-301F-11D3-BF4B-00C04F79EFBC}") = "SerilogEx", "SerilogEx\SerilogEx.csproj", "{0F849C84-721E-448C-891F-DAD574FCC81C}"
EndProject
Global
	GlobalSection(SolutionConfigurationPlatforms) = preSolution
		Debug|Any CPU = Debug|Any CPU
		Release|Any CPU = Release|Any CPU
	EndGlobalSection
	GlobalSection(ProjectConfigurationPlatforms) = postSolution
		{0F849C84-721E-448C-891F-DAD574FCC81C}.Debug|Any CPU.ActiveCfg = Debug|Any CPU
		{0F849C84-721E-448C-891F-DAD574FCC81C}.Debug|Any CPU.Build.0 = Debug|Any CPU
		{0F849C84-721E-448C-891F-DAD574FCC81C}.Release|Any CPU.ActiveCfg = Release|Any CPU
		{0F849C84-721E-448C-891F-DAD574FCC81C}.Release|Any CPU.Build.0 = Release|Any CPU
	EndGlobalSection
	GlobalSection(SolutionProperties) = preSolution
		HideSolutionNode = FALSE
	EndGlobalSection
	GlobalSection(ExtensibilityGlobals) = postSolution
		SolutionGuid = {803066AF-25DF-4EE2-AF53-2CA7B19A5EF3}
	EndGlobalSection
EndGlobal
